
Microsoft Visual Studio Solution File, Format Version 12.00
# Visual Studio Version 16
VisualStudioVersion = 16.0.31702.278
MinimumVisualStudioVersion = 10.0.40219.1
Project("{2150E333-8FDC-42A3-9474-1A3956D46DE8}") = "Source", "Source", "{A6386670-B29B-4C6A-A17F-320AB8273176}"
EndProject
Project("{2150E333-8FDC-42A3-9474-1A3956D46DE8}") = "BoilerplateFullstack.Application", "BoilerplateFullstack.Application", "{4DFBAEB7-0299-41EB-9BD7-B619F4ACD4F0}"
EndProject
Project("{FAE04EC0-301F-11D3-BF4B-00C04F79EFBC}") = "BoilerplateFullstack.Domain", "BoilerplateFullstack.Domain\BoilerplateFullstack.Domain.csproj", "{552AD064-E940-4C3A-BA72-52960A5A789A}"
EndProject
Project("{2150E333-8FDC-42A3-9474-1A3956D46DE8}") = "BoilerplateFullstack.WebAPI", "BoilerplateFullstack.WebAPI", "{9FBBD39C-4CC9-4CC8-8FA0-1FB0D07FCA43}"
EndProject
Project("{FAE04EC0-301F-11D3-BF4B-00C04F79EFBC}") = "BoilerplateFullstack.WebAPI", "BoilerplateFullstack.WebAPI\BoilerplateFullstack.WebAPI.csproj", "{5CE49C0F-A0B9-4A89-8A4E-7CBADEC15EE7}"
EndProject
Global
	GlobalSection(SolutionConfigurationPlatforms) = preSolution
		Debug|Any CPU = Debug|Any CPU
		Release|Any CPU = Release|Any CPU
	EndGlobalSection
	GlobalSection(ProjectConfigurationPlatforms) = postSolution
		{552AD064-E940-4C3A-BA72-52960A5A789A}.Debug|Any CPU.ActiveCfg = Debug|Any CPU
		{552AD064-E940-4C3A-BA72-52960A5A789A}.Debug|Any CPU.Build.0 = Debug|Any CPU
		{552AD064-E940-4C3A-BA72-52960A5A789A}.Release|Any CPU.ActiveCfg = Release|Any CPU
		{552AD064-E940-4C3A-BA72-52960A5A789A}.Release|Any CPU.Build.0 = Release|Any CPU
		{5CE49C0F-A0B9-4A89-8A4E-7CBADEC15EE7}.Debug|Any CPU.ActiveCfg = Debug|Any CPU
		{5CE49C0F-A0B9-4A89-8A4E-7CBADEC15EE7}.Debug|Any CPU.Build.0 = Debug|Any CPU
		{5CE49C0F-A0B9-4A89-8A4E-7CBADEC15EE7}.Release|Any CPU.ActiveCfg = Release|Any CPU
		{5CE49C0F-A0B9-4A89-8A4E-7CBADEC15EE7}.Release|Any CPU.Build.0 = Release|Any CPU
	EndGlobalSection
	GlobalSection(SolutionProperties) = preSolution
		HideSolutionNode = FALSE
	EndGlobalSection
	GlobalSection(NestedProjects) = preSolution
		{4DFBAEB7-0299-41EB-9BD7-B619F4ACD4F0} = {A6386670-B29B-4C6A-A17F-320AB8273176}
		{552AD064-E940-4C3A-BA72-52960A5A789A} = {4DFBAEB7-0299-41EB-9BD7-B619F4ACD4F0}
		{9FBBD39C-4CC9-4CC8-8FA0-1FB0D07FCA43} = {A6386670-B29B-4C6A-A17F-320AB8273176}
		{5CE49C0F-A0B9-4A89-8A4E-7CBADEC15EE7} = {9FBBD39C-4CC9-4CC8-8FA0-1FB0D07FCA43}
	EndGlobalSection
	GlobalSection(ExtensibilityGlobals) = postSolution
		SolutionGuid = {391ACF82-1C93-4143-B401-4A9C15913E14}
	EndGlobalSection
EndGlobal
